// !$*UTF8*$!
{
	archiveVersion = 1;
	classes = {
	};
	objectVersion = 56;
	objects = {

/* Begin PBXBuildFile section */
		0301AB5C469BFB416D4C7506 /* Pods_CICD_Test.framework in Frameworks */ = {isa = PBXBuildFile; fileRef = B2186B113BA20B77B334518A /* Pods_CICD_Test.framework */; };
		2CF900E246B8D15802D26761 /* Pods_CICD_Test_CICD_TestUITests.framework in Frameworks */ = {isa = PBXBuildFile; fileRef = 7DAAFEBACD70510440D79C68 /* Pods_CICD_Test_CICD_TestUITests.framework */; };
		41BC035A2AC23C8A00EDE08B /* AppDelegate.swift in Sources */ = {isa = PBXBuildFile; fileRef = 41BC03592AC23C8A00EDE08B /* AppDelegate.swift */; };
		41BC035C2AC23C8A00EDE08B /* SceneDelegate.swift in Sources */ = {isa = PBXBuildFile; fileRef = 41BC035B2AC23C8A00EDE08B /* SceneDelegate.swift */; };
		41BC035E2AC23C8A00EDE08B /* ViewController.swift in Sources */ = {isa = PBXBuildFile; fileRef = 41BC035D2AC23C8A00EDE08B /* ViewController.swift */; };
		41BC03612AC23C8A00EDE08B /* Main.storyboard in Resources */ = {isa = PBXBuildFile; fileRef = 41BC035F2AC23C8A00EDE08B /* Main.storyboard */; };
		41BC03632AC23C8D00EDE08B /* Assets.xcassets in Resources */ = {isa = PBXBuildFile; fileRef = 41BC03622AC23C8D00EDE08B /* Assets.xcassets */; };
		41BC03662AC23C8D00EDE08B /* LaunchScreen.storyboard in Resources */ = {isa = PBXBuildFile; fileRef = 41BC03642AC23C8D00EDE08B /* LaunchScreen.storyboard */; };
		41BC03712AC23C8E00EDE08B /* CICD_TestTests.swift in Sources */ = {isa = PBXBuildFile; fileRef = 41BC03702AC23C8E00EDE08B /* CICD_TestTests.swift */; };
		41BC037B2AC23C8E00EDE08B /* CICD_TestUITests.swift in Sources */ = {isa = PBXBuildFile; fileRef = 41BC037A2AC23C8E00EDE08B /* CICD_TestUITests.swift */; };
		41BC037D2AC23C8E00EDE08B /* CICD_TestUITestsLaunchTests.swift in Sources */ = {isa = PBXBuildFile; fileRef = 41BC037C2AC23C8E00EDE08B /* CICD_TestUITestsLaunchTests.swift */; };
		6D52E6B12BC5131F2417C646 /* Pods_CICD_TestTests.framework in Frameworks */ = {isa = PBXBuildFile; fileRef = FE1112703387C83299B6A409 /* Pods_CICD_TestTests.framework */; };
/* End PBXBuildFile section */

/* Begin PBXContainerItemProxy section */
		41BC036D2AC23C8E00EDE08B /* PBXContainerItemProxy */ = {
			isa = PBXContainerItemProxy;
			containerPortal = 41BC034E2AC23C8A00EDE08B /* Project object */;
			proxyType = 1;
			remoteGlobalIDString = 41BC03552AC23C8A00EDE08B;
			remoteInfo = CICD_Test;
		};
		41BC03772AC23C8E00EDE08B /* PBXContainerItemProxy */ = {
			isa = PBXContainerItemProxy;
			containerPortal = 41BC034E2AC23C8A00EDE08B /* Project object */;
			proxyType = 1;
			remoteGlobalIDString = 41BC03552AC23C8A00EDE08B;
			remoteInfo = CICD_Test;
		};
/* End PBXContainerItemProxy section */

/* Begin PBXFileReference section */
		41BC03562AC23C8A00EDE08B /* CICD_Test.app */ = {isa = PBXFileReference; explicitFileType = wrapper.application; includeInIndex = 0; path = CICD_Test.app; sourceTree = BUILT_PRODUCTS_DIR; };
		41BC03592AC23C8A00EDE08B /* AppDelegate.swift */ = {isa = PBXFileReference; lastKnownFileType = sourcecode.swift; path = AppDelegate.swift; sourceTree = "<group>"; };
		41BC035B2AC23C8A00EDE08B /* SceneDelegate.swift */ = {isa = PBXFileReference; lastKnownFileType = sourcecode.swift; path = SceneDelegate.swift; sourceTree = "<group>"; };
		41BC035D2AC23C8A00EDE08B /* ViewController.swift */ = {isa = PBXFileReference; lastKnownFileType = sourcecode.swift; path = ViewController.swift; sourceTree = "<group>"; };
		41BC03602AC23C8A00EDE08B /* Base */ = {isa = PBXFileReference; lastKnownFileType = file.storyboard; name = Base; path = Base.lproj/Main.storyboard; sourceTree = "<group>"; };
		41BC03622AC23C8D00EDE08B /* Assets.xcassets */ = {isa = PBXFileReference; lastKnownFileType = folder.assetcatalog; path = Assets.xcassets; sourceTree = "<group>"; };
		41BC03652AC23C8D00EDE08B /* Base */ = {isa = PBXFileReference; lastKnownFileType = file.storyboard; name = Base; path = Base.lproj/LaunchScreen.storyboard; sourceTree = "<group>"; };
		41BC03672AC23C8D00EDE08B /* Info.plist */ = {isa = PBXFileReference; lastKnownFileType = text.plist.xml; path = Info.plist; sourceTree = "<group>"; };
		41BC036C2AC23C8E00EDE08B /* CICD_TestTests.xctest */ = {isa = PBXFileReference; explicitFileType = wrapper.cfbundle; includeInIndex = 0; path = CICD_TestTests.xctest; sourceTree = BUILT_PRODUCTS_DIR; };
		41BC03702AC23C8E00EDE08B /* CICD_TestTests.swift */ = {isa = PBXFileReference; lastKnownFileType = sourcecode.swift; path = CICD_TestTests.swift; sourceTree = "<group>"; };
		41BC03762AC23C8E00EDE08B /* CICD_TestUITests.xctest */ = {isa = PBXFileReference; explicitFileType = wrapper.cfbundle; includeInIndex = 0; path = CICD_TestUITests.xctest; sourceTree = BUILT_PRODUCTS_DIR; };
		41BC037A2AC23C8E00EDE08B /* CICD_TestUITests.swift */ = {isa = PBXFileReference; lastKnownFileType = sourcecode.swift; path = CICD_TestUITests.swift; sourceTree = "<group>"; };
		41BC037C2AC23C8E00EDE08B /* CICD_TestUITestsLaunchTests.swift */ = {isa = PBXFileReference; lastKnownFileType = sourcecode.swift; path = CICD_TestUITestsLaunchTests.swift; sourceTree = "<group>"; };
		4FC3D7D6D858977BA6EC4B54 /* Pods-CICD_Test.release.xcconfig */ = {isa = PBXFileReference; includeInIndex = 1; lastKnownFileType = text.xcconfig; name = "Pods-CICD_Test.release.xcconfig"; path = "Target Support Files/Pods-CICD_Test/Pods-CICD_Test.release.xcconfig"; sourceTree = "<group>"; };
		7DAAFEBACD70510440D79C68 /* Pods_CICD_Test_CICD_TestUITests.framework */ = {isa = PBXFileReference; explicitFileType = wrapper.framework; includeInIndex = 0; path = Pods_CICD_Test_CICD_TestUITests.framework; sourceTree = BUILT_PRODUCTS_DIR; };
		ADCC6D23C4938328E36BDE27 /* Pods-CICD_Test-CICD_TestUITests.release.xcconfig */ = {isa = PBXFileReference; includeInIndex = 1; lastKnownFileType = text.xcconfig; name = "Pods-CICD_Test-CICD_TestUITests.release.xcconfig"; path = "Target Support Files/Pods-CICD_Test-CICD_TestUITests/Pods-CICD_Test-CICD_TestUITests.release.xcconfig"; sourceTree = "<group>"; };
		B2186B113BA20B77B334518A /* Pods_CICD_Test.framework */ = {isa = PBXFileReference; explicitFileType = wrapper.framework; includeInIndex = 0; path = Pods_CICD_Test.framework; sourceTree = BUILT_PRODUCTS_DIR; };
		C8A20E6682BDB11B7B8A1527 /* Pods-CICD_TestTests.debug.xcconfig */ = {isa = PBXFileReference; includeInIndex = 1; lastKnownFileType = text.xcconfig; name = "Pods-CICD_TestTests.debug.xcconfig"; path = "Target Support Files/Pods-CICD_TestTests/Pods-CICD_TestTests.debug.xcconfig"; sourceTree = "<group>"; };
		CEB7C4D0B9F0744A86A331D8 /* Pods-CICD_TestTests.release.xcconfig */ = {isa = PBXFileReference; includeInIndex = 1; lastKnownFileType = text.xcconfig; name = "Pods-CICD_TestTests.release.xcconfig"; path = "Target Support Files/Pods-CICD_TestTests/Pods-CICD_TestTests.release.xcconfig"; sourceTree = "<group>"; };
		DD48560A2E01A84B91DDB224 /* Pods-CICD_Test-CICD_TestUITests.debug.xcconfig */ = {isa = PBXFileReference; includeInIndex = 1; lastKnownFileType = text.xcconfig; name = "Pods-CICD_Test-CICD_TestUITests.debug.xcconfig"; path = "Target Support Files/Pods-CICD_Test-CICD_TestUITests/Pods-CICD_Test-CICD_TestUITests.debug.xcconfig"; sourceTree = "<group>"; };
		EAA5B63A0122B0D254090751 /* Pods-CICD_Test.debug.xcconfig */ = {isa = PBXFileReference; includeInIndex = 1; lastKnownFileType = text.xcconfig; name = "Pods-CICD_Test.debug.xcconfig"; path = "Target Support Files/Pods-CICD_Test/Pods-CICD_Test.debug.xcconfig"; sourceTree = "<group>"; };
		FE1112703387C83299B6A409 /* Pods_CICD_TestTests.framework */ = {isa = PBXFileReference; explicitFileType = wrapper.framework; includeInIndex = 0; path = Pods_CICD_TestTests.framework; sourceTree = BUILT_PRODUCTS_DIR; };
/* End PBXFileReference section */

/* Begin PBXFrameworksBuildPhase section */
		41BC03532AC23C8A00EDE08B /* Frameworks */ = {
			isa = PBXFrameworksBuildPhase;
			buildActionMask = 2147483647;
			files = (
				0301AB5C469BFB416D4C7506 /* Pods_CICD_Test.framework in Frameworks */,
			);
			runOnlyForDeploymentPostprocessing = 0;
		};
		41BC03692AC23C8E00EDE08B /* Frameworks */ = {
			isa = PBXFrameworksBuildPhase;
			buildActionMask = 2147483647;
			files = (
				6D52E6B12BC5131F2417C646 /* Pods_CICD_TestTests.framework in Frameworks */,
			);
			runOnlyForDeploymentPostprocessing = 0;
		};
		41BC03732AC23C8E00EDE08B /* Frameworks */ = {
			isa = PBXFrameworksBuildPhase;
			buildActionMask = 2147483647;
			files = (
				2CF900E246B8D15802D26761 /* Pods_CICD_Test_CICD_TestUITests.framework in Frameworks */,
			);
			runOnlyForDeploymentPostprocessing = 0;
		};
/* End PBXFrameworksBuildPhase section */

/* Begin PBXGroup section */
		41BC034D2AC23C8A00EDE08B = {
			isa = PBXGroup;
			children = (
				41BC03582AC23C8A00EDE08B /* CICD_Test */,
				41BC036F2AC23C8E00EDE08B /* CICD_TestTests */,
				41BC03792AC23C8E00EDE08B /* CICD_TestUITests */,
				41BC03572AC23C8A00EDE08B /* Products */,
				6E7A6C9A740C91042733A68D /* Pods */,
				BA4C3516A36810B931ACA533 /* Frameworks */,
			);
			sourceTree = "<group>";
		};
		41BC03572AC23C8A00EDE08B /* Products */ = {
			isa = PBXGroup;
			children = (
				41BC03562AC23C8A00EDE08B /* CICD_Test.app */,
				41BC036C2AC23C8E00EDE08B /* CICD_TestTests.xctest */,
				41BC03762AC23C8E00EDE08B /* CICD_TestUITests.xctest */,
			);
			name = Products;
			sourceTree = "<group>";
		};
		41BC03582AC23C8A00EDE08B /* CICD_Test */ = {
			isa = PBXGroup;
			children = (
				41BC03592AC23C8A00EDE08B /* AppDelegate.swift */,
				41BC035B2AC23C8A00EDE08B /* SceneDelegate.swift */,
				41BC035D2AC23C8A00EDE08B /* ViewController.swift */,
				41BC035F2AC23C8A00EDE08B /* Main.storyboard */,
				41BC03622AC23C8D00EDE08B /* Assets.xcassets */,
				41BC03642AC23C8D00EDE08B /* LaunchScreen.storyboard */,
				41BC03672AC23C8D00EDE08B /* Info.plist */,
			);
			path = CICD_Test;
			sourceTree = "<group>";
		};
		41BC036F2AC23C8E00EDE08B /* CICD_TestTests */ = {
			isa = PBXGroup;
			children = (
				41BC03702AC23C8E00EDE08B /* CICD_TestTests.swift */,
			);
			path = CICD_TestTests;
			sourceTree = "<group>";
		};
		41BC03792AC23C8E00EDE08B /* CICD_TestUITests */ = {
			isa = PBXGroup;
			children = (
				41BC037A2AC23C8E00EDE08B /* CICD_TestUITests.swift */,
				41BC037C2AC23C8E00EDE08B /* CICD_TestUITestsLaunchTests.swift */,
			);
			path = CICD_TestUITests;
			sourceTree = "<group>";
		};
		6E7A6C9A740C91042733A68D /* Pods */ = {
			isa = PBXGroup;
			children = (
				EAA5B63A0122B0D254090751 /* Pods-CICD_Test.debug.xcconfig */,
				4FC3D7D6D858977BA6EC4B54 /* Pods-CICD_Test.release.xcconfig */,
				DD48560A2E01A84B91DDB224 /* Pods-CICD_Test-CICD_TestUITests.debug.xcconfig */,
				ADCC6D23C4938328E36BDE27 /* Pods-CICD_Test-CICD_TestUITests.release.xcconfig */,
				C8A20E6682BDB11B7B8A1527 /* Pods-CICD_TestTests.debug.xcconfig */,
				CEB7C4D0B9F0744A86A331D8 /* Pods-CICD_TestTests.release.xcconfig */,
			);
			name = Pods;
			path = Pods;
			sourceTree = "<group>";
		};
		BA4C3516A36810B931ACA533 /* Frameworks */ = {
			isa = PBXGroup;
			children = (
				B2186B113BA20B77B334518A /* Pods_CICD_Test.framework */,
				7DAAFEBACD70510440D79C68 /* Pods_CICD_Test_CICD_TestUITests.framework */,
				FE1112703387C83299B6A409 /* Pods_CICD_TestTests.framework */,
			);
			name = Frameworks;
			sourceTree = "<group>";
		};
/* End PBXGroup section */

/* Begin PBXNativeTarget section */
		41BC03552AC23C8A00EDE08B /* CICD_Test */ = {
			isa = PBXNativeTarget;
			buildConfigurationList = 41BC03802AC23C8E00EDE08B /* Build configuration list for PBXNativeTarget "CICD_Test" */;
			buildPhases = (
				0238EBF452B000E87B9EE0C6 /* [CP] Check Pods Manifest.lock */,
				41BC03522AC23C8A00EDE08B /* Sources */,
				41BC03532AC23C8A00EDE08B /* Frameworks */,
				41BC03542AC23C8A00EDE08B /* Resources */,
			);
			buildRules = (
			);
			dependencies = (
			);
			name = CICD_Test;
			productName = CICD_Test;
			productReference = 41BC03562AC23C8A00EDE08B /* CICD_Test.app */;
			productType = "com.apple.product-type.application";
		};
		41BC036B2AC23C8E00EDE08B /* CICD_TestTests */ = {
			isa = PBXNativeTarget;
			buildConfigurationList = 41BC03832AC23C8E00EDE08B /* Build configuration list for PBXNativeTarget "CICD_TestTests" */;
			buildPhases = (
				8C79C8E64AE4678F69E5C016 /* [CP] Check Pods Manifest.lock */,
				41BC03682AC23C8E00EDE08B /* Sources */,
				41BC03692AC23C8E00EDE08B /* Frameworks */,
				41BC036A2AC23C8E00EDE08B /* Resources */,
			);
			buildRules = (
			);
			dependencies = (
				41BC036E2AC23C8E00EDE08B /* PBXTargetDependency */,
			);
			name = CICD_TestTests;
			productName = CICD_TestTests;
			productReference = 41BC036C2AC23C8E00EDE08B /* CICD_TestTests.xctest */;
			productType = "com.apple.product-type.bundle.unit-test";
		};
		41BC03752AC23C8E00EDE08B /* CICD_TestUITests */ = {
			isa = PBXNativeTarget;
			buildConfigurationList = 41BC03862AC23C8E00EDE08B /* Build configuration list for PBXNativeTarget "CICD_TestUITests" */;
			buildPhases = (
				2FEAC3E88CEC3208098A6142 /* [CP] Check Pods Manifest.lock */,
				41BC03722AC23C8E00EDE08B /* Sources */,
				41BC03732AC23C8E00EDE08B /* Frameworks */,
				41BC03742AC23C8E00EDE08B /* Resources */,
			);
			buildRules = (
			);
			dependencies = (
				41BC03782AC23C8E00EDE08B /* PBXTargetDependency */,
			);
			name = CICD_TestUITests;
			productName = CICD_TestUITests;
			productReference = 41BC03762AC23C8E00EDE08B /* CICD_TestUITests.xctest */;
			productType = "com.apple.product-type.bundle.ui-testing";
		};
/* End PBXNativeTarget section */

/* Begin PBXProject section */
		41BC034E2AC23C8A00EDE08B /* Project object */ = {
			isa = PBXProject;
			attributes = {
				BuildIndependentTargetsInParallel = 1;
				LastSwiftUpdateCheck = 1420;
				LastUpgradeCheck = 1420;
				TargetAttributes = {
					41BC03552AC23C8A00EDE08B = {
						CreatedOnToolsVersion = 14.2;
					};
					41BC036B2AC23C8E00EDE08B = {
						CreatedOnToolsVersion = 14.2;
						TestTargetID = 41BC03552AC23C8A00EDE08B;
					};
					41BC03752AC23C8E00EDE08B = {
						CreatedOnToolsVersion = 14.2;
						TestTargetID = 41BC03552AC23C8A00EDE08B;
					};
				};
			};
			buildConfigurationList = 41BC03512AC23C8A00EDE08B /* Build configuration list for PBXProject "CICD_Test" */;
			compatibilityVersion = "Xcode 14.0";
			developmentRegion = en;
			hasScannedForEncodings = 0;
			knownRegions = (
				en,
				Base,
			);
			mainGroup = 41BC034D2AC23C8A00EDE08B;
			productRefGroup = 41BC03572AC23C8A00EDE08B /* Products */;
			projectDirPath = "";
			projectRoot = "";
			targets = (
				41BC03552AC23C8A00EDE08B /* CICD_Test */,
				41BC036B2AC23C8E00EDE08B /* CICD_TestTests */,
				41BC03752AC23C8E00EDE08B /* CICD_TestUITests */,
			);
		};
/* End PBXProject section */

/* Begin PBXResourcesBuildPhase section */
		41BC03542AC23C8A00EDE08B /* Resources */ = {
			isa = PBXResourcesBuildPhase;
			buildActionMask = 2147483647;
			files = (
				41BC03662AC23C8D00EDE08B /* LaunchScreen.storyboard in Resources */,
				41BC03632AC23C8D00EDE08B /* Assets.xcassets in Resources */,
				41BC03612AC23C8A00EDE08B /* Main.storyboard in Resources */,
			);
			runOnlyForDeploymentPostprocessing = 0;
		};
		41BC036A2AC23C8E00EDE08B /* Resources */ = {
			isa = PBXResourcesBuildPhase;
			buildActionMask = 2147483647;
			files = (
			);
			runOnlyForDeploymentPostprocessing = 0;
		};
		41BC03742AC23C8E00EDE08B /* Resources */ = {
			isa = PBXResourcesBuildPhase;
			buildActionMask = 2147483647;
			files = (
			);
			runOnlyForDeploymentPostprocessing = 0;
		};
/* End PBXResourcesBuildPhase section */

/* Begin PBXShellScriptBuildPhase section */
		0238EBF452B000E87B9EE0C6 /* [CP] Check Pods Manifest.lock */ = {
			isa = PBXShellScriptBuildPhase;
			buildActionMask = 2147483647;
			files = (
			);
			inputFileListPaths = (
			);
			inputPaths = (
				"${PODS_PODFILE_DIR_PATH}/Podfile.lock",
				"${PODS_ROOT}/Manifest.lock",
			);
			name = "[CP] Check Pods Manifest.lock";
			outputFileListPaths = (
			);
			outputPaths = (
				"$(DERIVED_FILE_DIR)/Pods-CICD_Test-checkManifestLockResult.txt",
			);
			runOnlyForDeploymentPostprocessing = 0;
			shellPath = /bin/sh;
			shellScript = "diff \"${PODS_PODFILE_DIR_PATH}/Podfile.lock\" \"${PODS_ROOT}/Manifest.lock\" > /dev/null\nif [ $? != 0 ] ; then\n    # print error to STDERR\n    echo \"error: The sandbox is not in sync with the Podfile.lock. Run 'pod install' or update your CocoaPods installation.\" >&2\n    exit 1\nfi\n# This output is used by Xcode 'outputs' to avoid re-running this script phase.\necho \"SUCCESS\" > \"${SCRIPT_OUTPUT_FILE_0}\"\n";
			showEnvVarsInLog = 0;
		};
		2FEAC3E88CEC3208098A6142 /* [CP] Check Pods Manifest.lock */ = {
			isa = PBXShellScriptBuildPhase;
			buildActionMask = 2147483647;
			files = (
			);
			inputFileListPaths = (
			);
			inputPaths = (
				"${PODS_PODFILE_DIR_PATH}/Podfile.lock",
				"${PODS_ROOT}/Manifest.lock",
			);
			name = "[CP] Check Pods Manifest.lock";
			outputFileListPaths = (
			);
			outputPaths = (
				"$(DERIVED_FILE_DIR)/Pods-CICD_Test-CICD_TestUITests-checkManifestLockResult.txt",
			);
			runOnlyForDeploymentPostprocessing = 0;
			shellPath = /bin/sh;
			shellScript = "diff \"${PODS_PODFILE_DIR_PATH}/Podfile.lock\" \"${PODS_ROOT}/Manifest.lock\" > /dev/null\nif [ $? != 0 ] ; then\n    # print error to STDERR\n    echo \"error: The sandbox is not in sync with the Podfile.lock. Run 'pod install' or update your CocoaPods installation.\" >&2\n    exit 1\nfi\n# This output is used by Xcode 'outputs' to avoid re-running this script phase.\necho \"SUCCESS\" > \"${SCRIPT_OUTPUT_FILE_0}\"\n";
			showEnvVarsInLog = 0;
		};
		8C79C8E64AE4678F69E5C016 /* [CP] Check Pods Manifest.lock */ = {
			isa = PBXShellScriptBuildPhase;
			buildActionMask = 2147483647;
			files = (
			);
			inputFileListPaths = (
			);
			inputPaths = (
				"${PODS_PODFILE_DIR_PATH}/Podfile.lock",
				"${PODS_ROOT}/Manifest.lock",
			);
			name = "[CP] Check Pods Manifest.lock";
			outputFileListPaths = (
			);
			outputPaths = (
				"$(DERIVED_FILE_DIR)/Pods-CICD_TestTests-checkManifestLockResult.txt",
			);
			runOnlyForDeploymentPostprocessing = 0;
			shellPath = /bin/sh;
			shellScript = "diff \"${PODS_PODFILE_DIR_PATH}/Podfile.lock\" \"${PODS_ROOT}/Manifest.lock\" > /dev/null\nif [ $? != 0 ] ; then\n    # print error to STDERR\n    echo \"error: The sandbox is not in sync with the Podfile.lock. Run 'pod install' or update your CocoaPods installation.\" >&2\n    exit 1\nfi\n# This output is used by Xcode 'outputs' to avoid re-running this script phase.\necho \"SUCCESS\" > \"${SCRIPT_OUTPUT_FILE_0}\"\n";
			showEnvVarsInLog = 0;
		};
/* End PBXShellScriptBuildPhase section */

/* Begin PBXSourcesBuildPhase section */
		41BC03522AC23C8A00EDE08B /* Sources */ = {
			isa = PBXSourcesBuildPhase;
			buildActionMask = 2147483647;
			files = (
				41BC035E2AC23C8A00EDE08B /* ViewController.swift in Sources */,
				41BC035A2AC23C8A00EDE08B /* AppDelegate.swift in Sources */,
				41BC035C2AC23C8A00EDE08B /* SceneDelegate.swift in Sources */,
			);
			runOnlyForDeploymentPostprocessing = 0;
		};
		41BC03682AC23C8E00EDE08B /* Sources */ = {
			isa = PBXSourcesBuildPhase;
			buildActionMask = 2147483647;
			files = (
				41BC03712AC23C8E00EDE08B /* CICD_TestTests.swift in Sources */,
			);
			runOnlyForDeploymentPostprocessing = 0;
		};
		41BC03722AC23C8E00EDE08B /* Sources */ = {
			isa = PBXSourcesBuildPhase;
			buildActionMask = 2147483647;
			files = (
				41BC037B2AC23C8E00EDE08B /* CICD_TestUITests.swift in Sources */,
				41BC037D2AC23C8E00EDE08B /* CICD_TestUITestsLaunchTests.swift in Sources */,
			);
			runOnlyForDeploymentPostprocessing = 0;
		};
/* End PBXSourcesBuildPhase section */

/* Begin PBXTargetDependency section */
		41BC036E2AC23C8E00EDE08B /* PBXTargetDependency */ = {
			isa = PBXTargetDependency;
			target = 41BC03552AC23C8A00EDE08B /* CICD_Test */;
			targetProxy = 41BC036D2AC23C8E00EDE08B /* PBXContainerItemProxy */;
		};
		41BC03782AC23C8E00EDE08B /* PBXTargetDependency */ = {
			isa = PBXTargetDependency;
			target = 41BC03552AC23C8A00EDE08B /* CICD_Test */;
			targetProxy = 41BC03772AC23C8E00EDE08B /* PBXContainerItemProxy */;
		};
/* End PBXTargetDependency section */

/* Begin PBXVariantGroup section */
		41BC035F2AC23C8A00EDE08B /* Main.storyboard */ = {
			isa = PBXVariantGroup;
			children = (
				41BC03602AC23C8A00EDE08B /* Base */,
			);
			name = Main.storyboard;
			sourceTree = "<group>";
		};
		41BC03642AC23C8D00EDE08B /* LaunchScreen.storyboard */ = {
			isa = PBXVariantGroup;
			children = (
				41BC03652AC23C8D00EDE08B /* Base */,
			);
			name = LaunchScreen.storyboard;
			sourceTree = "<group>";
		};
/* End PBXVariantGroup section */

/* Begin XCBuildConfiguration section */
		41BC037E2AC23C8E00EDE08B /* Debug */ = {
			isa = XCBuildConfiguration;
			buildSettings = {
				ALWAYS_SEARCH_USER_PATHS = NO;
				CLANG_ANALYZER_NONNULL = YES;
				CLANG_ANALYZER_NUMBER_OBJECT_CONVERSION = YES_AGGRESSIVE;
				CLANG_CXX_LANGUAGE_STANDARD = "gnu++20";
				CLANG_ENABLE_MODULES = YES;
				CLANG_ENABLE_OBJC_ARC = YES;
				CLANG_ENABLE_OBJC_WEAK = YES;
				CLANG_WARN_BLOCK_CAPTURE_AUTORELEASING = YES;
				CLANG_WARN_BOOL_CONVERSION = YES;
				CLANG_WARN_COMMA = YES;
				CLANG_WARN_CONSTANT_CONVERSION = YES;
				CLANG_WARN_DEPRECATED_OBJC_IMPLEMENTATIONS = YES;
				CLANG_WARN_DIRECT_OBJC_ISA_USAGE = YES_ERROR;
				CLANG_WARN_DOCUMENTATION_COMMENTS = YES;
				CLANG_WARN_EMPTY_BODY = YES;
				CLANG_WARN_ENUM_CONVERSION = YES;
				CLANG_WARN_INFINITE_RECURSION = YES;
				CLANG_WARN_INT_CONVERSION = YES;
				CLANG_WARN_NON_LITERAL_NULL_CONVERSION = YES;
				CLANG_WARN_OBJC_IMPLICIT_RETAIN_SELF = YES;
				CLANG_WARN_OBJC_LITERAL_CONVERSION = YES;
				CLANG_WARN_OBJC_ROOT_CLASS = YES_ERROR;
				CLANG_WARN_QUOTED_INCLUDE_IN_FRAMEWORK_HEADER = YES;
				CLANG_WARN_RANGE_LOOP_ANALYSIS = YES;
				CLANG_WARN_STRICT_PROTOTYPES = YES;
				CLANG_WARN_SUSPICIOUS_MOVE = YES;
				CLANG_WARN_UNGUARDED_AVAILABILITY = YES_AGGRESSIVE;
				CLANG_WARN_UNREACHABLE_CODE = YES;
				CLANG_WARN__DUPLICATE_METHOD_MATCH = YES;
				COPY_PHASE_STRIP = NO;
				DEBUG_INFORMATION_FORMAT = dwarf;
				ENABLE_STRICT_OBJC_MSGSEND = YES;
				ENABLE_TESTABILITY = YES;
				GCC_C_LANGUAGE_STANDARD = gnu11;
				GCC_DYNAMIC_NO_PIC = NO;
				GCC_NO_COMMON_BLOCKS = YES;
				GCC_OPTIMIZATION_LEVEL = 0;
				GCC_PREPROCESSOR_DEFINITIONS = (
					"DEBUG=1",
					"$(inherited)",
				);
				GCC_WARN_64_TO_32_BIT_CONVERSION = YES;
				GCC_WARN_ABOUT_RETURN_TYPE = YES_ERROR;
				GCC_WARN_UNDECLARED_SELECTOR = YES;
				GCC_WARN_UNINITIALIZED_AUTOS = YES_AGGRESSIVE;
				GCC_WARN_UNUSED_FUNCTION = YES;
				GCC_WARN_UNUSED_VARIABLE = YES;
				IPHONEOS_DEPLOYMENT_TARGET = 16.2;
				MTL_ENABLE_DEBUG_INFO = INCLUDE_SOURCE;
				MTL_FAST_MATH = YES;
				ONLY_ACTIVE_ARCH = YES;
				SDKROOT = iphoneos;
				SWIFT_ACTIVE_COMPILATION_CONDITIONS = DEBUG;
				SWIFT_OPTIMIZATION_LEVEL = "-Onone";
			};
			name = Debug;
		};
		41BC037F2AC23C8E00EDE08B /* Release */ = {
			isa = XCBuildConfiguration;
			buildSettings = {
				ALWAYS_SEARCH_USER_PATHS = NO;
				CLANG_ANALYZER_NONNULL = YES;
				CLANG_ANALYZER_NUMBER_OBJECT_CONVERSION = YES_AGGRESSIVE;
				CLANG_CXX_LANGUAGE_STANDARD = "gnu++20";
				CLANG_ENABLE_MODULES = YES;
				CLANG_ENABLE_OBJC_ARC = YES;
				CLANG_ENABLE_OBJC_WEAK = YES;
				CLANG_WARN_BLOCK_CAPTURE_AUTORELEASING = YES;
				CLANG_WARN_BOOL_CONVERSION = YES;
				CLANG_WARN_COMMA = YES;
				CLANG_WARN_CONSTANT_CONVERSION = YES;
				CLANG_WARN_DEPRECATED_OBJC_IMPLEMENTATIONS = YES;
				CLANG_WARN_DIRECT_OBJC_ISA_USAGE = YES_ERROR;
				CLANG_WARN_DOCUMENTATION_COMMENTS = YES;
				CLANG_WARN_EMPTY_BODY = YES;
				CLANG_WARN_ENUM_CONVERSION = YES;
				CLANG_WARN_INFINITE_RECURSION = YES;
				CLANG_WARN_INT_CONVERSION = YES;
				CLANG_WARN_NON_LITERAL_NULL_CONVERSION = YES;
				CLANG_WARN_OBJC_IMPLICIT_RETAIN_SELF = YES;
				CLANG_WARN_OBJC_LITERAL_CONVERSION = YES;
				CLANG_WARN_OBJC_ROOT_CLASS = YES_ERROR;
				CLANG_WARN_QUOTED_INCLUDE_IN_FRAMEWORK_HEADER = YES;
				CLANG_WARN_RANGE_LOOP_ANALYSIS = YES;
				CLANG_WARN_STRICT_PROTOTYPES = YES;
				CLANG_WARN_SUSPICIOUS_MOVE = YES;
				CLANG_WARN_UNGUARDED_AVAILABILITY = YES_AGGRESSIVE;
				CLANG_WARN_UNREACHABLE_CODE = YES;
				CLANG_WARN__DUPLICATE_METHOD_MATCH = YES;
				COPY_PHASE_STRIP = NO;
				DEBUG_INFORMATION_FORMAT = "dwarf-with-dsym";
				ENABLE_NS_ASSERTIONS = NO;
				ENABLE_STRICT_OBJC_MSGSEND = YES;
				GCC_C_LANGUAGE_STANDARD = gnu11;
				GCC_NO_COMMON_BLOCKS = YES;
				GCC_WARN_64_TO_32_BIT_CONVERSION = YES;
				GCC_WARN_ABOUT_RETURN_TYPE = YES_ERROR;
				GCC_WARN_UNDECLARED_SELECTOR = YES;
				GCC_WARN_UNINITIALIZED_AUTOS = YES_AGGRESSIVE;
				GCC_WARN_UNUSED_FUNCTION = YES;
				GCC_WARN_UNUSED_VARIABLE = YES;
				IPHONEOS_DEPLOYMENT_TARGET = 16.2;
				MTL_ENABLE_DEBUG_INFO = NO;
				MTL_FAST_MATH = YES;
				SDKROOT = iphoneos;
				SWIFT_COMPILATION_MODE = wholemodule;
				SWIFT_OPTIMIZATION_LEVEL = "-O";
				VALIDATE_PRODUCT = YES;
			};
			name = Release;
		};
		41BC03812AC23C8E00EDE08B /* Debug */ = {
			isa = XCBuildConfiguration;
			baseConfigurationReference = EAA5B63A0122B0D254090751 /* Pods-CICD_Test.debug.xcconfig */;
			buildSettings = {
				ASSETCATALOG_COMPILER_APPICON_NAME = AppIcon;
				ASSETCATALOG_COMPILER_GLOBAL_ACCENT_COLOR_NAME = AccentColor;
				CODE_SIGN_STYLE = Automatic;
				CURRENT_PROJECT_VERSION = 1;
				DEVELOPMENT_TEAM = NLMQ6J3UBG;
				GENERATE_INFOPLIST_FILE = YES;
				INFOPLIST_FILE = CICD_Test/Info.plist;
				INFOPLIST_KEY_UIApplicationSupportsIndirectInputEvents = YES;
				INFOPLIST_KEY_UILaunchStoryboardName = LaunchScreen;
				INFOPLIST_KEY_UIMainStoryboardFile = Main;
				INFOPLIST_KEY_UISupportedInterfaceOrientations_iPad = "UIInterfaceOrientationPortrait UIInterfaceOrientationPortraitUpsideDown UIInterfaceOrientationLandscapeLeft UIInterfaceOrientationLandscapeRight";
				INFOPLIST_KEY_UISupportedInterfaceOrientations_iPhone = "UIInterfaceOrientationPortrait UIInterfaceOrientationLandscapeLeft UIInterfaceOrientationLandscapeRight";
				LD_RUNPATH_SEARCH_PATHS = (
					"$(inherited)",
					"@executable_path/Frameworks",
				);
				MARKETING_VERSION = 1.0;
				PRODUCT_BUNDLE_IDENTIFIER = "com.SataTechnologyGroup.CICD-Test";
				PRODUCT_NAME = "$(TARGET_NAME)";
				SWIFT_EMIT_LOC_STRINGS = YES;
				SWIFT_VERSION = 5.0;
				TARGETED_DEVICE_FAMILY = "1,2";
			};
			name = Debug;
		};
		41BC03822AC23C8E00EDE08B /* Release */ = {
			isa = XCBuildConfiguration;
			baseConfigurationReference = 4FC3D7D6D858977BA6EC4B54 /* Pods-CICD_Test.release.xcconfig */;
			buildSettings = {
				ASSETCATALOG_COMPILER_APPICON_NAME = AppIcon;
				ASSETCATALOG_COMPILER_GLOBAL_ACCENT_COLOR_NAME = AccentColor;
				CODE_SIGN_STYLE = Automatic;
				CURRENT_PROJECT_VERSION = 1;
				DEVELOPMENT_TEAM = NLMQ6J3UBG;
				GENERATE_INFOPLIST_FILE = YES;
				INFOPLIST_FILE = CICD_Test/Info.plist;
				INFOPLIST_KEY_UIApplicationSupportsIndirectInputEvents = YES;
				INFOPLIST_KEY_UILaunchStoryboardName = LaunchScreen;
				INFOPLIST_KEY_UIMainStoryboardFile = Main;
				INFOPLIST_KEY_UISupportedInterfaceOrientations_iPad = "UIInterfaceOrientationPortrait UIInterfaceOrientationPortraitUpsideDown UIInterfaceOrientationLandscapeLeft UIInterfaceOrientationLandscapeRight";
				INFOPLIST_KEY_UISupportedInterfaceOrientations_iPhone = "UIInterfaceOrientationPortrait UIInterfaceOrientationLandscapeLeft UIInterfaceOrientationLandscapeRight";
				LD_RUNPATH_SEARCH_PATHS = (
					"$(inherited)",
					"@executable_path/Frameworks",
				);
				MARKETING_VERSION = 1.0;
				PRODUCT_BUNDLE_IDENTIFIER = "com.SataTechnologyGroup.CICD-Test";
				PRODUCT_NAME = "$(TARGET_NAME)";
				SWIFT_EMIT_LOC_STRINGS = YES;
				SWIFT_VERSION = 5.0;
				TARGETED_DEVICE_FAMILY = "1,2";
			};
			name = Release;
		};
		41BC03842AC23C8E00EDE08B /* Debug */ = {
			isa = XCBuildConfiguration;
			baseConfigurationReference = C8A20E6682BDB11B7B8A1527 /* Pods-CICD_TestTests.debug.xcconfig */;
			buildSettings = {
				ALWAYS_EMBED_SWIFT_STANDARD_LIBRARIES = YES;
				BUNDLE_LOADER = "$(TEST_HOST)";
				CODE_SIGN_STYLE = Automatic;
				CURRENT_PROJECT_VERSION = 1;
				DEVELOPMENT_TEAM = NLMQ6J3UBG;
				GENERATE_INFOPLIST_FILE = YES;
				IPHONEOS_DEPLOYMENT_TARGET = 16.2;
				MARKETING_VERSION = 1.0;
				PRODUCT_BUNDLE_IDENTIFIER = "com.SataTechnologyGroup.CICD-TestTests";
				PRODUCT_NAME = "$(TARGET_NAME)";
				SWIFT_EMIT_LOC_STRINGS = NO;
				SWIFT_VERSION = 5.0;
				TARGETED_DEVICE_FAMILY = "1,2";
				TEST_HOST = "$(BUILT_PRODUCTS_DIR)/CICD_Test.app/$(BUNDLE_EXECUTABLE_FOLDER_PATH)/CICD_Test";
			};
			name = Debug;
		};
		41BC03852AC23C8E00EDE08B /* Release */ = {
			isa = XCBuildConfiguration;
			baseConfigurationReference = CEB7C4D0B9F0744A86A331D8 /* Pods-CICD_TestTests.release.xcconfig */;
			buildSettings = {
				ALWAYS_EMBED_SWIFT_STANDARD_LIBRARIES = YES;
				BUNDLE_LOADER = "$(TEST_HOST)";
				CODE_SIGN_STYLE = Automatic;
				CURRENT_PROJECT_VERSION = 1;
				DEVELOPMENT_TEAM = NLMQ6J3UBG;
				GENERATE_INFOPLIST_FILE = YES;
				IPHONEOS_DEPLOYMENT_TARGET = 16.2;
				MARKETING_VERSION = 1.0;
				PRODUCT_BUNDLE_IDENTIFIER = "com.SataTechnologyGroup.CICD-TestTests";
				PRODUCT_NAME = "$(TARGET_NAME)";
				SWIFT_EMIT_LOC_STRINGS = NO;
				SWIFT_VERSION = 5.0;
				TARGETED_DEVICE_FAMILY = "1,2";
				TEST_HOST = "$(BUILT_PRODUCTS_DIR)/CICD_Test.app/$(BUNDLE_EXECUTABLE_FOLDER_PATH)/CICD_Test";
			};
			name = Release;
		};
		41BC03872AC23C8E00EDE08B /* Debug */ = {
			isa = XCBuildConfiguration;
			baseConfigurationReference = DD48560A2E01A84B91DDB224 /* Pods-CICD_Test-CICD_TestUITests.debug.xcconfig */;
			buildSettings = {
				ALWAYS_EMBED_SWIFT_STANDARD_LIBRARIES = YES;
				CODE_SIGN_STYLE = Automatic;
				CURRENT_PROJECT_VERSION = 1;
				DEVELOPMENT_TEAM = NLMQ6J3UBG;
				GENERATE_INFOPLIST_FILE = YES;
				MARKETING_VERSION = 1.0;
				PRODUCT_BUNDLE_IDENTIFIER = "com.SataTechnologyGroup.CICD-TestUITests";
				PRODUCT_NAME = "$(TARGET_NAME)";
				SWIFT_EMIT_LOC_STRINGS = NO;
				SWIFT_VERSION = 5.0;
				TARGETED_DEVICE_FAMILY = "1,2";
				TEST_TARGET_NAME = CICD_Test;
			};
			name = Debug;
		};
		41BC03882AC23C8E00EDE08B /* Release */ = {
			isa = XCBuildConfiguration;
			baseConfigurationReference = ADCC6D23C4938328E36BDE27 /* Pods-CICD_Test-CICD_TestUITests.release.xcconfig */;
			buildSettings = {
				ALWAYS_EMBED_SWIFT_STANDARD_LIBRARIES = YES;
				CODE_SIGN_STYLE = Automatic;
				CURRENT_PROJECT_VERSION = 1;
				DEVELOPMENT_TEAM = NLMQ6J3UBG;
				GENERATE_INFOPLIST_FILE = YES;
				MARKETING_VERSION = 1.0;
				PRODUCT_BUNDLE_IDENTIFIER = "com.SataTechnologyGroup.CICD-TestUITests";
				PRODUCT_NAME = "$(TARGET_NAME)";
				SWIFT_EMIT_LOC_STRINGS = NO;
				SWIFT_VERSION = 5.0;
				TARGETED_DEVICE_FAMILY = "1,2";
				TEST_TARGET_NAME = CICD_Test;
			};
			name = Release;
		};
/* End XCBuildConfiguration section */

/* Begin XCConfigurationList section */
		41BC03512AC23C8A00EDE08B /* Build configuration list for PBXProject "CICD_Test" */ = {
			isa = XCConfigurationList;
			buildConfigurations = (
				41BC037E2AC23C8E00EDE08B /* Debug */,
				41BC037F2AC23C8E00EDE08B /* Release */,
			);
			defaultConfigurationIsVisible = 0;
			defaultConfigurationName = Release;
		};
		41BC03802AC23C8E00EDE08B /* Build configuration list for PBXNativeTarget "CICD_Test" */ = {
			isa = XCConfigurationList;
			buildConfigurations = (
				41BC03812AC23C8E00EDE08B /* Debug */,
				41BC03822AC23C8E00EDE08B /* Release */,
			);
			defaultConfigurationIsVisible = 0;
			defaultConfigurationName = Release;
		};
		41BC03832AC23C8E00EDE08B /* Build configuration list for PBXNativeTarget "CICD_TestTests" */ = {
			isa = XCConfigurationList;
			buildConfigurations = (
				41BC03842AC23C8E00EDE08B /* Debug */,
				41BC03852AC23C8E00EDE08B /* Release */,
			);
			defaultConfigurationIsVisible = 0;
			defaultConfigurationName = Release;
		};
		41BC03862AC23C8E00EDE08B /* Build configuration list for PBXNativeTarget "CICD_TestUITests" */ = {
			isa = XCConfigurationList;
			buildConfigurations = (
				41BC03872AC23C8E00EDE08B /* Debug */,
				41BC03882AC23C8E00EDE08B /* Release */,
			);
			defaultConfigurationIsVisible = 0;
			defaultConfigurationName = Release;
		};
/* End XCConfigurationList section */
	};
	rootObject = 41BC034E2AC23C8A00EDE08B /* Project object */;
}
